
Microsoft Visual Studio Solution File, Format Version 12.00
# Visual Studio Version 16
VisualStudioVersion = 16.0.30317.65
MinimumVisualStudioVersion = 10.0.40219.1
Project("{9A19103F-16F7-4668-BE54-9A1E7A4F7556}") = "PhotoLibraryCatalog", "PhotoLibraryCatalog\PhotoLibraryCatalog.csproj", "{BDFABFA0-7334-4575-B64F-8FB43F472F0E}"
EndProject
Project("{2150E333-8FDC-42A3-9474-1A3956D46DE8}") = "Docs", "Docs", "{16AC3EB6-44BD-486C-A6B6-4313922E2980}"
	ProjectSection(SolutionItems) = preProject
		Coding Nodes.txt = Coding Nodes.txt
		AlbumIndex1\Coding Notes.txt = AlbumIndex1\Coding Notes.txt
	EndProjectSection
EndProject
Project("{2150E333-8FDC-42A3-9474-1A3956D46DE8}") = "SQL scripts", "SQL scripts", "{860712C3-4AF4-4DCC-ACFC-0283A86B2868}"
	ProjectSection(SolutionItems) = preProject
		Find Missing Photos.sql = Find Missing Photos.sql
		Stats.sql = Stats.sql
	EndProjectSection
EndProject
Project("{FAE04EC0-301F-11D3-BF4B-00C04F79EFBC}") = "PhotoLibraryCatalog.Test", "PhotoLibraryCatalog.Test\PhotoLibraryCatalog.Test.csproj", "{2B451A06-B51E-47A4-8E29-19A2F17EE350}"
EndProject
Project("{2150E333-8FDC-42A3-9474-1A3956D46DE8}") = "Tests", "Tests", "{A7941608-A6E7-4A88-B6F7-837768EF72F8}"
EndProject
Global
	GlobalSection(SolutionConfigurationPlatforms) = preSolution
		Debug|Any CPU = Debug|Any CPU
		Release|Any CPU = Release|Any CPU
	EndGlobalSection
	GlobalSection(ProjectConfigurationPlatforms) = postSolution
		{BDFABFA0-7334-4575-B64F-8FB43F472F0E}.Debug|Any CPU.ActiveCfg = Debug|Any CPU
		{BDFABFA0-7334-4575-B64F-8FB43F472F0E}.Debug|Any CPU.Build.0 = Debug|Any CPU
		{BDFABFA0-7334-4575-B64F-8FB43F472F0E}.Release|Any CPU.ActiveCfg = Release|Any CPU
		{BDFABFA0-7334-4575-B64F-8FB43F472F0E}.Release|Any CPU.Build.0 = Release|Any CPU
		{2B451A06-B51E-47A4-8E29-19A2F17EE350}.Debug|Any CPU.ActiveCfg = Debug|Any CPU
		{2B451A06-B51E-47A4-8E29-19A2F17EE350}.Debug|Any CPU.Build.0 = Debug|Any CPU
		{2B451A06-B51E-47A4-8E29-19A2F17EE350}.Release|Any CPU.ActiveCfg = Release|Any CPU
		{2B451A06-B51E-47A4-8E29-19A2F17EE350}.Release|Any CPU.Build.0 = Release|Any CPU
	EndGlobalSection
	GlobalSection(SolutionProperties) = preSolution
		HideSolutionNode = FALSE
	EndGlobalSection
	GlobalSection(NestedProjects) = preSolution
		{2B451A06-B51E-47A4-8E29-19A2F17EE350} = {A7941608-A6E7-4A88-B6F7-837768EF72F8}
	EndGlobalSection
	GlobalSection(ExtensibilityGlobals) = postSolution
		SolutionGuid = {4A3D9443-3856-4EC9-A9DF-ED3AE6990468}
	EndGlobalSection
EndGlobal
